{
	"name": "discord-verify-vercel",
	"version": "0.0.1",
	"lockfileVersion": 2,
	"requires": true,
	"packages": {
		"": {
			"name": "discord-verify-vercel",
			"version": "0.0.1",
			"license": "MIT",
			"dependencies": {
				"discord-api-types": "0.37.4",
				"discord-verify": "0.0.2-beta.18"
			}
		},
		"node_modules/discord-api-types": {
			"version": "0.37.4",
			"resolved": "https://registry.npmjs.org/discord-api-types/-/discord-api-types-0.37.4.tgz",
			"integrity": "sha512-QgqYlUokWM++hdwvAtgVNLjmFumPBzFy+uWnnfVDiwBXKm+5jXHJPk2lx2eilkv/706UpAJPLSk/uVCY9NocjA=="
		},
		"node_modules/discord-verify": {
			"version": "0.0.2-beta.18",
			"resolved": "https://registry.npmjs.org/discord-verify/-/discord-verify-0.0.2-beta.18.tgz",
			"integrity": "sha512-KNLNi8YZgvFZ6IF3/37G2NWzZo+V0/8CUNfym4xQ90KJFYGhYSzwAZx1s6PJj2KbZN6sjbHpOI8L4EyUm6aGTQ==",
			"engines": {
				"node": ">=16"
			}
		}
	},
	"dependencies": {
		"discord-api-types": {
			"version": "0.37.4",
			"resolved": "https://registry.npmjs.org/discord-api-types/-/discord-api-types-0.37.4.tgz",
			"integrity": "sha512-QgqYlUokWM++hdwvAtgVNLjmFumPBzFy+uWnnfVDiwBXKm+5jXHJPk2lx2eilkv/706UpAJPLSk/uVCY9NocjA=="
		},
		"discord-verify": {
			"version": "0.0.2-beta.18",
			"resolved": "https://registry.npmjs.org/discord-verify/-/discord-verify-0.0.2-beta.18.tgz",
			"integrity": "sha512-KNLNi8YZgvFZ6IF3/37G2NWzZo+V0/8CUNfym4xQ90KJFYGhYSzwAZx1s6PJj2KbZN6sjbHpOI8L4EyUm6aGTQ=="
		}
	}
}
